
Microsoft Visual Studio Solution File, Format Version 12.00
# Visual Studio 2013
VisualStudioVersion = 12.0.40629.0
MinimumVisualStudioVersion = 10.0.40219.1
Project("{2150E333-8FDC-42A3-9474-1A3956D46DE8}") = "Repositorio", "Repositorio", "{1CF1F32A-9DDD-4AFB-BEF8-51ED31C1E6F2}"
EndProject
Project("{2150E333-8FDC-42A3-9474-1A3956D46DE8}") = "Entidade", "Entidade", "{F73EAC83-8294-4FBD-B6BE-249D3247ED77}"
EndProject
Project("{2150E333-8FDC-42A3-9474-1A3956D46DE8}") = "Servico", "Servico", "{CB9F5033-8ED2-4A8C-95C4-034CC6ECA754}"
EndProject
Project("{2150E333-8FDC-42A3-9474-1A3956D46DE8}") = "View", "View", "{E9DC19FA-FBEC-4482-9103-14153FEDF6EE}"
EndProject
Project("{FAE04EC0-301F-11D3-BF4B-00C04F79EFBC}") = "Site.Entidade", "Site.Entidade\Site.Entidade.csproj", "{D28BE576-3E19-4851-82BD-EC22637AABF3}"
EndProject
Project("{FAE04EC0-301F-11D3-BF4B-00C04F79EFBC}") = "Site.IRepositorio", "Site.IRepositorio\Site.IRepositorio.csproj", "{FA5E0D96-AE22-4723-99A3-277C385DBBEE}"
EndProject
Project("{FAE04EC0-301F-11D3-BF4B-00C04F79EFBC}") = "Site.Repositorio", "Site.Repositorio\Site.Repositorio.csproj", "{295DB307-985F-4A3F-B6D9-A313B185ED9A}"
EndProject
Project("{FAE04EC0-301F-11D3-BF4B-00C04F79EFBC}") = "Site.IServico", "Site.IServico\Site.IServico.csproj", "{DF76F0EB-8829-4CF6-9BF4-303926CF91BF}"
EndProject
Project("{FAE04EC0-301F-11D3-BF4B-00C04F79EFBC}") = "Site.Servico", "Site.Servico\Site.Servico.csproj", "{51FDFF8B-DAB6-417C-918A-27F7B83BC1B7}"
EndProject
Project("{2150E333-8FDC-42A3-9474-1A3956D46DE8}") = "Suporte", "Suporte", "{CC7BF0BD-4B60-4E47-A6C9-FFB3BC36A33E}"
EndProject
Project("{FAE04EC0-301F-11D3-BF4B-00C04F79EFBC}") = "Site.DTO", "Site.DTO\Site.DTO.csproj", "{B85E0D48-8296-475F-96A7-9AEA99688E1E}"
EndProject
Project("{FAE04EC0-301F-11D3-BF4B-00C04F79EFBC}") = "Site.Enums", "Site.Enums\Site.Enums.csproj", "{974A35C9-19A4-4F5C-89EA-224B7D614B3C}"
EndProject
Project("{FAE04EC0-301F-11D3-BF4B-00C04F79EFBC}") = "Site.ActiveRecords", "Site.ActiveRecords\Site.ActiveRecords.csproj", "{191B1E71-1A68-42CD-A892-29AD760FECB2}"
EndProject
Project("{FAE04EC0-301F-11D3-BF4B-00C04F79EFBC}") = "Site.Transforms", "Site.Transforms\Site.Transforms.csproj", "{A9813AF4-8798-4340-A29C-C72A3B3B9DC6}"
EndProject
Project("{FAE04EC0-301F-11D3-BF4B-00C04F79EFBC}") = "Site.WebApi", "Site.WebApi\Site.WebApi.csproj", "{42DA94E2-5541-4897-BBCE-8675BCBFC491}"
EndProject
Project("{2150E333-8FDC-42A3-9474-1A3956D46DE8}") = "Teste", "Teste", "{F5CFD780-4BBD-4C23-8E2C-1658E3F40A8C}"
EndProject
Project("{FAE04EC0-301F-11D3-BF4B-00C04F79EFBC}") = "Site.Testes", "Site.Testes\Site.Testes.csproj", "{03C163F9-7559-4C46-899E-EDE304C645A1}"
EndProject
Project("{FAE04EC0-301F-11D3-BF4B-00C04F79EFBC}") = "maxiPago", "maxiPago\maxiPago.csproj", "{D86C2984-68FA-49E5-A0F1-26780C669200}"
EndProject
Global
	GlobalSection(SolutionConfigurationPlatforms) = preSolution
		Debug|Any CPU = Debug|Any CPU
		Release|Any CPU = Release|Any CPU
	EndGlobalSection
	GlobalSection(ProjectConfigurationPlatforms) = postSolution
		{D28BE576-3E19-4851-82BD-EC22637AABF3}.Debug|Any CPU.ActiveCfg = Debug|Any CPU
		{D28BE576-3E19-4851-82BD-EC22637AABF3}.Debug|Any CPU.Build.0 = Debug|Any CPU
		{D28BE576-3E19-4851-82BD-EC22637AABF3}.Release|Any CPU.ActiveCfg = Release|Any CPU
		{D28BE576-3E19-4851-82BD-EC22637AABF3}.Release|Any CPU.Build.0 = Release|Any CPU
		{FA5E0D96-AE22-4723-99A3-277C385DBBEE}.Debug|Any CPU.ActiveCfg = Debug|Any CPU
		{FA5E0D96-AE22-4723-99A3-277C385DBBEE}.Debug|Any CPU.Build.0 = Debug|Any CPU
		{FA5E0D96-AE22-4723-99A3-277C385DBBEE}.Release|Any CPU.ActiveCfg = Release|Any CPU
		{FA5E0D96-AE22-4723-99A3-277C385DBBEE}.Release|Any CPU.Build.0 = Release|Any CPU
		{295DB307-985F-4A3F-B6D9-A313B185ED9A}.Debug|Any CPU.ActiveCfg = Debug|Any CPU
		{295DB307-985F-4A3F-B6D9-A313B185ED9A}.Debug|Any CPU.Build.0 = Debug|Any CPU
		{295DB307-985F-4A3F-B6D9-A313B185ED9A}.Release|Any CPU.ActiveCfg = Release|Any CPU
		{295DB307-985F-4A3F-B6D9-A313B185ED9A}.Release|Any CPU.Build.0 = Release|Any CPU
		{DF76F0EB-8829-4CF6-9BF4-303926CF91BF}.Debug|Any CPU.ActiveCfg = Debug|Any CPU
		{DF76F0EB-8829-4CF6-9BF4-303926CF91BF}.Debug|Any CPU.Build.0 = Debug|Any CPU
		{DF76F0EB-8829-4CF6-9BF4-303926CF91BF}.Release|Any CPU.ActiveCfg = Release|Any CPU
		{DF76F0EB-8829-4CF6-9BF4-303926CF91BF}.Release|Any CPU.Build.0 = Release|Any CPU
		{51FDFF8B-DAB6-417C-918A-27F7B83BC1B7}.Debug|Any CPU.ActiveCfg = Debug|Any CPU
		{51FDFF8B-DAB6-417C-918A-27F7B83BC1B7}.Debug|Any CPU.Build.0 = Debug|Any CPU
		{51FDFF8B-DAB6-417C-918A-27F7B83BC1B7}.Release|Any CPU.ActiveCfg = Release|Any CPU
		{51FDFF8B-DAB6-417C-918A-27F7B83BC1B7}.Release|Any CPU.Build.0 = Release|Any CPU
		{B85E0D48-8296-475F-96A7-9AEA99688E1E}.Debug|Any CPU.ActiveCfg = Debug|Any CPU
		{B85E0D48-8296-475F-96A7-9AEA99688E1E}.Debug|Any CPU.Build.0 = Debug|Any CPU
		{B85E0D48-8296-475F-96A7-9AEA99688E1E}.Release|Any CPU.ActiveCfg = Release|Any CPU
		{B85E0D48-8296-475F-96A7-9AEA99688E1E}.Release|Any CPU.Build.0 = Release|Any CPU
		{974A35C9-19A4-4F5C-89EA-224B7D614B3C}.Debug|Any CPU.ActiveCfg = Debug|Any CPU
		{974A35C9-19A4-4F5C-89EA-224B7D614B3C}.Debug|Any CPU.Build.0 = Debug|Any CPU
		{974A35C9-19A4-4F5C-89EA-224B7D614B3C}.Release|Any CPU.ActiveCfg = Release|Any CPU
		{974A35C9-19A4-4F5C-89EA-224B7D614B3C}.Release|Any CPU.Build.0 = Release|Any CPU
		{191B1E71-1A68-42CD-A892-29AD760FECB2}.Debug|Any CPU.ActiveCfg = Debug|Any CPU
		{191B1E71-1A68-42CD-A892-29AD760FECB2}.Debug|Any CPU.Build.0 = Debug|Any CPU
		{191B1E71-1A68-42CD-A892-29AD760FECB2}.Release|Any CPU.ActiveCfg = Release|Any CPU
		{191B1E71-1A68-42CD-A892-29AD760FECB2}.Release|Any CPU.Build.0 = Release|Any CPU
		{A9813AF4-8798-4340-A29C-C72A3B3B9DC6}.Debug|Any CPU.ActiveCfg = Debug|Any CPU
		{A9813AF4-8798-4340-A29C-C72A3B3B9DC6}.Debug|Any CPU.Build.0 = Debug|Any CPU
		{A9813AF4-8798-4340-A29C-C72A3B3B9DC6}.Release|Any CPU.ActiveCfg = Release|Any CPU
		{A9813AF4-8798-4340-A29C-C72A3B3B9DC6}.Release|Any CPU.Build.0 = Release|Any CPU
		{42DA94E2-5541-4897-BBCE-8675BCBFC491}.Debug|Any CPU.ActiveCfg = Debug|Any CPU
		{42DA94E2-5541-4897-BBCE-8675BCBFC491}.Debug|Any CPU.Build.0 = Debug|Any CPU
		{42DA94E2-5541-4897-BBCE-8675BCBFC491}.Release|Any CPU.ActiveCfg = Release|Any CPU
		{42DA94E2-5541-4897-BBCE-8675BCBFC491}.Release|Any CPU.Build.0 = Release|Any CPU
		{03C163F9-7559-4C46-899E-EDE304C645A1}.Debug|Any CPU.ActiveCfg = Debug|Any CPU
		{03C163F9-7559-4C46-899E-EDE304C645A1}.Debug|Any CPU.Build.0 = Debug|Any CPU
		{03C163F9-7559-4C46-899E-EDE304C645A1}.Release|Any CPU.ActiveCfg = Release|Any CPU
		{03C163F9-7559-4C46-899E-EDE304C645A1}.Release|Any CPU.Build.0 = Release|Any CPU
		{D86C2984-68FA-49E5-A0F1-26780C669200}.Debug|Any CPU.ActiveCfg = Debug|Any CPU
		{D86C2984-68FA-49E5-A0F1-26780C669200}.Debug|Any CPU.Build.0 = Debug|Any CPU
		{D86C2984-68FA-49E5-A0F1-26780C669200}.Release|Any CPU.ActiveCfg = Release|Any CPU
		{D86C2984-68FA-49E5-A0F1-26780C669200}.Release|Any CPU.Build.0 = Release|Any CPU
	EndGlobalSection
	GlobalSection(SolutionProperties) = preSolution
		HideSolutionNode = FALSE
	EndGlobalSection
	GlobalSection(NestedProjects) = preSolution
		{D28BE576-3E19-4851-82BD-EC22637AABF3} = {F73EAC83-8294-4FBD-B6BE-249D3247ED77}
		{FA5E0D96-AE22-4723-99A3-277C385DBBEE} = {1CF1F32A-9DDD-4AFB-BEF8-51ED31C1E6F2}
		{295DB307-985F-4A3F-B6D9-A313B185ED9A} = {1CF1F32A-9DDD-4AFB-BEF8-51ED31C1E6F2}
		{DF76F0EB-8829-4CF6-9BF4-303926CF91BF} = {CB9F5033-8ED2-4A8C-95C4-034CC6ECA754}
		{51FDFF8B-DAB6-417C-918A-27F7B83BC1B7} = {CB9F5033-8ED2-4A8C-95C4-034CC6ECA754}
		{B85E0D48-8296-475F-96A7-9AEA99688E1E} = {CC7BF0BD-4B60-4E47-A6C9-FFB3BC36A33E}
		{974A35C9-19A4-4F5C-89EA-224B7D614B3C} = {CC7BF0BD-4B60-4E47-A6C9-FFB3BC36A33E}
		{191B1E71-1A68-42CD-A892-29AD760FECB2} = {CC7BF0BD-4B60-4E47-A6C9-FFB3BC36A33E}
		{A9813AF4-8798-4340-A29C-C72A3B3B9DC6} = {CC7BF0BD-4B60-4E47-A6C9-FFB3BC36A33E}
		{42DA94E2-5541-4897-BBCE-8675BCBFC491} = {E9DC19FA-FBEC-4482-9103-14153FEDF6EE}
		{03C163F9-7559-4C46-899E-EDE304C645A1} = {F5CFD780-4BBD-4C23-8E2C-1658E3F40A8C}
		{D86C2984-68FA-49E5-A0F1-26780C669200} = {CB9F5033-8ED2-4A8C-95C4-034CC6ECA754}
	EndGlobalSection
EndGlobal
